
Microsoft Visual Studio Solution File, Format Version 12.00
# Visual Studio Version 16
VisualStudioVersion = 16.0.32510.428
MinimumVisualStudioVersion = 10.0.40219.1
Project("{FAE04EC0-301F-11D3-BF4B-00C04F79EFBC}") = "ConsoleApp6", "ConsoleApp6\ConsoleApp6.csproj", "{64264367-F04B-486B-BDAE-0BDF548DE072}"
EndProject
Global
	GlobalSection(SolutionConfigurationPlatforms) = preSolution
		Debug|Any CPU = Debug|Any CPU
		Release|Any CPU = Release|Any CPU
	EndGlobalSection
	GlobalSection(ProjectConfigurationPlatforms) = postSolution
		{64264367-F04B-486B-BDAE-0BDF548DE072}.Debug|Any CPU.ActiveCfg = Debug|Any CPU
		{64264367-F04B-486B-BDAE-0BDF548DE072}.Debug|Any CPU.Build.0 = Debug|Any CPU
		{64264367-F04B-486B-BDAE-0BDF548DE072}.Release|Any CPU.ActiveCfg = Release|Any CPU
		{64264367-F04B-486B-BDAE-0BDF548DE072}.Release|Any CPU.Build.0 = Release|Any CPU
	EndGlobalSection
	GlobalSection(SolutionProperties) = preSolution
		HideSolutionNode = FALSE
	EndGlobalSection
	GlobalSection(ExtensibilityGlobals) = postSolution
		SolutionGuid = {68261BA5-237E-4540-868D-305B1BE6E0A5}
	EndGlobalSection
EndGlobal
